
Microsoft Visual Studio Solution File, Format Version 12.00
# Visual Studio Version 16
VisualStudioVersion = 16.0.30413.136
MinimumVisualStudioVersion = 10.0.40219.1
Project("{FAE04EC0-301F-11D3-BF4B-00C04F79EFBC}") = "Entidades", "Entidades\Entidades.csproj", "{EAF0FB22-8182-45C6-A7AC-8F156023B1D7}"
EndProject
Project("{FAE04EC0-301F-11D3-BF4B-00C04F79EFBC}") = "Front-end", "Front-end\Front-end.csproj", "{1227432D-3FB2-4894-8D93-075838B41541}"
EndProject
Project("{FAE04EC0-301F-11D3-BF4B-00C04F79EFBC}") = "Excepciones", "Excepciones\Excepciones.csproj", "{23A23119-4AF3-4E21-B0F1-E1D4A56AA77E}"
EndProject
Global
	GlobalSection(SolutionConfigurationPlatforms) = preSolution
		Debug|Any CPU = Debug|Any CPU
		Release|Any CPU = Release|Any CPU
	EndGlobalSection
	GlobalSection(ProjectConfigurationPlatforms) = postSolution
		{EAF0FB22-8182-45C6-A7AC-8F156023B1D7}.Debug|Any CPU.ActiveCfg = Debug|Any CPU
		{EAF0FB22-8182-45C6-A7AC-8F156023B1D7}.Debug|Any CPU.Build.0 = Debug|Any CPU
		{EAF0FB22-8182-45C6-A7AC-8F156023B1D7}.Release|Any CPU.ActiveCfg = Release|Any CPU
		{EAF0FB22-8182-45C6-A7AC-8F156023B1D7}.Release|Any CPU.Build.0 = Release|Any CPU
		{1227432D-3FB2-4894-8D93-075838B41541}.Debug|Any CPU.ActiveCfg = Debug|Any CPU
		{1227432D-3FB2-4894-8D93-075838B41541}.Debug|Any CPU.Build.0 = Debug|Any CPU
		{1227432D-3FB2-4894-8D93-075838B41541}.Release|Any CPU.ActiveCfg = Release|Any CPU
		{1227432D-3FB2-4894-8D93-075838B41541}.Release|Any CPU.Build.0 = Release|Any CPU
		{23A23119-4AF3-4E21-B0F1-E1D4A56AA77E}.Debug|Any CPU.ActiveCfg = Debug|Any CPU
		{23A23119-4AF3-4E21-B0F1-E1D4A56AA77E}.Debug|Any CPU.Build.0 = Debug|Any CPU
		{23A23119-4AF3-4E21-B0F1-E1D4A56AA77E}.Release|Any CPU.ActiveCfg = Release|Any CPU
		{23A23119-4AF3-4E21-B0F1-E1D4A56AA77E}.Release|Any CPU.Build.0 = Release|Any CPU
	EndGlobalSection
	GlobalSection(SolutionProperties) = preSolution
		HideSolutionNode = FALSE
	EndGlobalSection
	GlobalSection(ExtensibilityGlobals) = postSolution
		SolutionGuid = {0EDB99BC-5CEB-4426-9E02-B4C765372E60}
	EndGlobalSection
EndGlobal
